// !$*UTF8*$!
{
	archiveVersion = 1;
	classes = {
	};
	objectVersion = 50;
	objects = {

/* Begin PBXBuildFile section */
		8A5D876522CE5D5D003A74C6 /* AddAMealDelegate.swift in Sources */ = {isa = PBXBuildFile; fileRef = 8A5D876422CE5D5C003A74C6 /* AddAMealDelegate.swift */; };
		8A6F277222D3A52800544423 /* NewItemViewController.xib in Resources */ = {isa = PBXBuildFile; fileRef = 8A6F277022D3A52800544423 /* NewItemViewController.xib */; };
		8A6F277422D3A57000544423 /* NewItemViewController.swift in Sources */ = {isa = PBXBuildFile; fileRef = 8A6F277322D3A57000544423 /* NewItemViewController.swift */; };
		8A6F277622D4BF5D00544423 /* AddAnItemDelegate.swift in Sources */ = {isa = PBXBuildFile; fileRef = 8A6F277522D4BF5D00544423 /* AddAnItemDelegate.swift */; };
		8A6F277822D60E6500544423 /* Alert.swift in Sources */ = {isa = PBXBuildFile; fileRef = 8A6F277722D60E6500544423 /* Alert.swift */; };
		8A6F27B722D6432300544423 /* RemoveMealController.swift in Sources */ = {isa = PBXBuildFile; fileRef = 8A6F27B622D6432300544423 /* RemoveMealController.swift */; };
		8A6F28B022D770A900544423 /* Dao.swift in Sources */ = {isa = PBXBuildFile; fileRef = 8A6F28AF22D770A900544423 /* Dao.swift */; };
		AC758EBD22CCCFD90015FD3A /* Meal.swift in Sources */ = {isa = PBXBuildFile; fileRef = AC758EBC22CCCFD90015FD3A /* Meal.swift */; };
		AC758EBF22CCD0520015FD3A /* Item.swift in Sources */ = {isa = PBXBuildFile; fileRef = AC758EBE22CCD0520015FD3A /* Item.swift */; };
		AC758EC122CCD1730015FD3A /* ViewController.swift in Sources */ = {isa = PBXBuildFile; fileRef = AC758EC022CCD1730015FD3A /* ViewController.swift */; };
		AC758EC322CCD2190015FD3A /* Main.storyboard in Resources */ = {isa = PBXBuildFile; fileRef = AC758EC222CCD2190015FD3A /* Main.storyboard */; };
		AC758EC722CD11830015FD3A /* MealsTableViewController.swift in Sources */ = {isa = PBXBuildFile; fileRef = AC758EC622CD11830015FD3A /* MealsTableViewController.swift */; };
		ACDAC05522CBB96A00A6F1A1 /* AppDelegate.swift in Sources */ = {isa = PBXBuildFile; fileRef = ACDAC05422CBB96A00A6F1A1 /* AppDelegate.swift */; };
		ACDAC05C22CBB96B00A6F1A1 /* Assets.xcassets in Resources */ = {isa = PBXBuildFile; fileRef = ACDAC05B22CBB96B00A6F1A1 /* Assets.xcassets */; };
		ACDAC05F22CBB96B00A6F1A1 /* LaunchScreen.storyboard in Resources */ = {isa = PBXBuildFile; fileRef = ACDAC05D22CBB96B00A6F1A1 /* LaunchScreen.storyboard */; };
		ACDAC06A22CBB96C00A6F1A1 /* prato_caloriaTests.swift in Sources */ = {isa = PBXBuildFile; fileRef = ACDAC06922CBB96C00A6F1A1 /* prato_caloriaTests.swift */; };
		ACDAC07522CBB96C00A6F1A1 /* prato_caloriaUITests.swift in Sources */ = {isa = PBXBuildFile; fileRef = ACDAC07422CBB96C00A6F1A1 /* prato_caloriaUITests.swift */; };
/* End PBXBuildFile section */

/* Begin PBXContainerItemProxy section */
		ACDAC06622CBB96C00A6F1A1 /* PBXContainerItemProxy */ = {
			isa = PBXContainerItemProxy;
			containerPortal = ACDAC04922CBB96A00A6F1A1 /* Project object */;
			proxyType = 1;
			remoteGlobalIDString = ACDAC05022CBB96A00A6F1A1;
			remoteInfo = "prato-caloria";
		};
		ACDAC07122CBB96C00A6F1A1 /* PBXContainerItemProxy */ = {
			isa = PBXContainerItemProxy;
			containerPortal = ACDAC04922CBB96A00A6F1A1 /* Project object */;
			proxyType = 1;
			remoteGlobalIDString = ACDAC05022CBB96A00A6F1A1;
			remoteInfo = "prato-caloria";
		};
/* End PBXContainerItemProxy section */

/* Begin PBXFileReference section */
		8A5D876422CE5D5C003A74C6 /* AddAMealDelegate.swift */ = {isa = PBXFileReference; fileEncoding = 4; lastKnownFileType = sourcecode.swift; path = AddAMealDelegate.swift; sourceTree = "<group>"; };
		8A6F277022D3A52800544423 /* NewItemViewController.xib */ = {isa = PBXFileReference; lastKnownFileType = file.xib; path = NewItemViewController.xib; sourceTree = "<group>"; };
		8A6F277322D3A57000544423 /* NewItemViewController.swift */ = {isa = PBXFileReference; fileEncoding = 4; lastKnownFileType = sourcecode.swift; path = NewItemViewController.swift; sourceTree = "<group>"; };
		8A6F277522D4BF5D00544423 /* AddAnItemDelegate.swift */ = {isa = PBXFileReference; lastKnownFileType = sourcecode.swift; path = AddAnItemDelegate.swift; sourceTree = "<group>"; };
		8A6F277722D60E6500544423 /* Alert.swift */ = {isa = PBXFileReference; lastKnownFileType = sourcecode.swift; path = Alert.swift; sourceTree = "<group>"; };
		8A6F27B622D6432300544423 /* RemoveMealController.swift */ = {isa = PBXFileReference; lastKnownFileType = sourcecode.swift; path = RemoveMealController.swift; sourceTree = "<group>"; };
		8A6F28AF22D770A900544423 /* Dao.swift */ = {isa = PBXFileReference; lastKnownFileType = sourcecode.swift; path = Dao.swift; sourceTree = "<group>"; };
		AC758EBC22CCCFD90015FD3A /* Meal.swift */ = {isa = PBXFileReference; lastKnownFileType = sourcecode.swift; path = Meal.swift; sourceTree = "<group>"; };
		AC758EBE22CCD0520015FD3A /* Item.swift */ = {isa = PBXFileReference; lastKnownFileType = sourcecode.swift; path = Item.swift; sourceTree = "<group>"; };
		AC758EC022CCD1730015FD3A /* ViewController.swift */ = {isa = PBXFileReference; fileEncoding = 4; lastKnownFileType = sourcecode.swift; path = ViewController.swift; sourceTree = "<group>"; };
		AC758EC222CCD2190015FD3A /* Main.storyboard */ = {isa = PBXFileReference; fileEncoding = 4; lastKnownFileType = file.storyboard; path = Main.storyboard; sourceTree = "<group>"; };
		AC758EC622CD11830015FD3A /* MealsTableViewController.swift */ = {isa = PBXFileReference; lastKnownFileType = sourcecode.swift; path = MealsTableViewController.swift; sourceTree = "<group>"; };
		ACDAC05122CBB96A00A6F1A1 /* prato-caloria.app */ = {isa = PBXFileReference; explicitFileType = wrapper.application; includeInIndex = 0; path = "prato-caloria.app"; sourceTree = BUILT_PRODUCTS_DIR; };
		ACDAC05422CBB96A00A6F1A1 /* AppDelegate.swift */ = {isa = PBXFileReference; lastKnownFileType = sourcecode.swift; path = AppDelegate.swift; sourceTree = "<group>"; };
		ACDAC05B22CBB96B00A6F1A1 /* Assets.xcassets */ = {isa = PBXFileReference; lastKnownFileType = folder.assetcatalog; path = Assets.xcassets; sourceTree = "<group>"; };
		ACDAC05E22CBB96B00A6F1A1 /* Base */ = {isa = PBXFileReference; lastKnownFileType = file.storyboard; name = Base; path = Base.lproj/LaunchScreen.storyboard; sourceTree = "<group>"; };
		ACDAC06022CBB96B00A6F1A1 /* Info.plist */ = {isa = PBXFileReference; lastKnownFileType = text.plist.xml; path = Info.plist; sourceTree = "<group>"; };
		ACDAC06522CBB96C00A6F1A1 /* prato-caloriaTests.xctest */ = {isa = PBXFileReference; explicitFileType = wrapper.cfbundle; includeInIndex = 0; path = "prato-caloriaTests.xctest"; sourceTree = BUILT_PRODUCTS_DIR; };
		ACDAC06922CBB96C00A6F1A1 /* prato_caloriaTests.swift */ = {isa = PBXFileReference; lastKnownFileType = sourcecode.swift; path = prato_caloriaTests.swift; sourceTree = "<group>"; };
		ACDAC06B22CBB96C00A6F1A1 /* Info.plist */ = {isa = PBXFileReference; lastKnownFileType = text.plist.xml; path = Info.plist; sourceTree = "<group>"; };
		ACDAC07022CBB96C00A6F1A1 /* prato-caloriaUITests.xctest */ = {isa = PBXFileReference; explicitFileType = wrapper.cfbundle; includeInIndex = 0; path = "prato-caloriaUITests.xctest"; sourceTree = BUILT_PRODUCTS_DIR; };
		ACDAC07422CBB96C00A6F1A1 /* prato_caloriaUITests.swift */ = {isa = PBXFileReference; lastKnownFileType = sourcecode.swift; path = prato_caloriaUITests.swift; sourceTree = "<group>"; };
		ACDAC07622CBB96C00A6F1A1 /* Info.plist */ = {isa = PBXFileReference; lastKnownFileType = text.plist.xml; path = Info.plist; sourceTree = "<group>"; };
/* End PBXFileReference section */

/* Begin PBXFrameworksBuildPhase section */
		ACDAC04E22CBB96A00A6F1A1 /* Frameworks */ = {
			isa = PBXFrameworksBuildPhase;
			buildActionMask = 2147483647;
			files = (
			);
			runOnlyForDeploymentPostprocessing = 0;
		};
		ACDAC06222CBB96C00A6F1A1 /* Frameworks */ = {
			isa = PBXFrameworksBuildPhase;
			buildActionMask = 2147483647;
			files = (
			);
			runOnlyForDeploymentPostprocessing = 0;
		};
		ACDAC06D22CBB96C00A6F1A1 /* Frameworks */ = {
			isa = PBXFrameworksBuildPhase;
			buildActionMask = 2147483647;
			files = (
			);
			runOnlyForDeploymentPostprocessing = 0;
		};
/* End PBXFrameworksBuildPhase section */

/* Begin PBXGroup section */
		AC758EB922CCCFAF0015FD3A /* views */ = {
			isa = PBXGroup;
			children = (
				AC758EC222CCD2190015FD3A /* Main.storyboard */,
				8A6F277022D3A52800544423 /* NewItemViewController.xib */,
				8A6F277722D60E6500544423 /* Alert.swift */,
			);
			path = views;
			sourceTree = "<group>";
		};
		AC758EBA22CCCFAF0015FD3A /* models */ = {
			isa = PBXGroup;
			children = (
				AC758EBC22CCCFD90015FD3A /* Meal.swift */,
				AC758EBE22CCD0520015FD3A /* Item.swift */,
				8A5D876422CE5D5C003A74C6 /* AddAMealDelegate.swift */,
				8A6F277522D4BF5D00544423 /* AddAnItemDelegate.swift */,
				8A6F28AF22D770A900544423 /* Dao.swift */,
			);
			path = models;
			sourceTree = "<group>";
		};
		AC758EBB22CCCFAF0015FD3A /* viewsControllers */ = {
			isa = PBXGroup;
			children = (
				8A6F277322D3A57000544423 /* NewItemViewController.swift */,
				AC758EC022CCD1730015FD3A /* ViewController.swift */,
				AC758EC622CD11830015FD3A /* MealsTableViewController.swift */,
				8A6F27B622D6432300544423 /* RemoveMealController.swift */,
			);
			path = viewsControllers;
			sourceTree = "<group>";
		};
		ACDAC04822CBB96A00A6F1A1 = {
			isa = PBXGroup;
			children = (
				ACDAC05322CBB96A00A6F1A1 /* prato-caloria */,
				ACDAC06822CBB96C00A6F1A1 /* prato-caloriaTests */,
				ACDAC07322CBB96C00A6F1A1 /* prato-caloriaUITests */,
				ACDAC05222CBB96A00A6F1A1 /* Products */,
			);
			sourceTree = "<group>";
		};
		ACDAC05222CBB96A00A6F1A1 /* Products */ = {
			isa = PBXGroup;
			children = (
				ACDAC05122CBB96A00A6F1A1 /* prato-caloria.app */,
				ACDAC06522CBB96C00A6F1A1 /* prato-caloriaTests.xctest */,
				ACDAC07022CBB96C00A6F1A1 /* prato-caloriaUITests.xctest */,
			);
			name = Products;
			sourceTree = "<group>";
		};
		ACDAC05322CBB96A00A6F1A1 /* prato-caloria */ = {
			isa = PBXGroup;
			children = (
				AC758EBA22CCCFAF0015FD3A /* models */,
				AC758EB922CCCFAF0015FD3A /* views */,
				AC758EBB22CCCFAF0015FD3A /* viewsControllers */,
				ACDAC05422CBB96A00A6F1A1 /* AppDelegate.swift */,
				ACDAC05B22CBB96B00A6F1A1 /* Assets.xcassets */,
				ACDAC05D22CBB96B00A6F1A1 /* LaunchScreen.storyboard */,
				ACDAC06022CBB96B00A6F1A1 /* Info.plist */,
			);
			path = "prato-caloria";
			sourceTree = "<group>";
		};
		ACDAC06822CBB96C00A6F1A1 /* prato-caloriaTests */ = {
			isa = PBXGroup;
			children = (
				ACDAC06922CBB96C00A6F1A1 /* prato_caloriaTests.swift */,
				ACDAC06B22CBB96C00A6F1A1 /* Info.plist */,
			);
			path = "prato-caloriaTests";
			sourceTree = "<group>";
		};
		ACDAC07322CBB96C00A6F1A1 /* prato-caloriaUITests */ = {
			isa = PBXGroup;
			children = (
				ACDAC07422CBB96C00A6F1A1 /* prato_caloriaUITests.swift */,
				ACDAC07622CBB96C00A6F1A1 /* Info.plist */,
			);
			path = "prato-caloriaUITests";
			sourceTree = "<group>";
		};
/* End PBXGroup section */

/* Begin PBXNativeTarget section */
		ACDAC05022CBB96A00A6F1A1 /* prato-caloria */ = {
			isa = PBXNativeTarget;
			buildConfigurationList = ACDAC07922CBB96C00A6F1A1 /* Build configuration list for PBXNativeTarget "prato-caloria" */;
			buildPhases = (
				ACDAC04D22CBB96A00A6F1A1 /* Sources */,
				ACDAC04E22CBB96A00A6F1A1 /* Frameworks */,
				ACDAC04F22CBB96A00A6F1A1 /* Resources */,
			);
			buildRules = (
			);
			dependencies = (
			);
			name = "prato-caloria";
			productName = "prato-caloria";
			productReference = ACDAC05122CBB96A00A6F1A1 /* prato-caloria.app */;
			productType = "com.apple.product-type.application";
		};
		ACDAC06422CBB96C00A6F1A1 /* prato-caloriaTests */ = {
			isa = PBXNativeTarget;
			buildConfigurationList = ACDAC07C22CBB96C00A6F1A1 /* Build configuration list for PBXNativeTarget "prato-caloriaTests" */;
			buildPhases = (
				ACDAC06122CBB96C00A6F1A1 /* Sources */,
				ACDAC06222CBB96C00A6F1A1 /* Frameworks */,
				ACDAC06322CBB96C00A6F1A1 /* Resources */,
			);
			buildRules = (
			);
			dependencies = (
				ACDAC06722CBB96C00A6F1A1 /* PBXTargetDependency */,
			);
			name = "prato-caloriaTests";
			productName = "prato-caloriaTests";
			productReference = ACDAC06522CBB96C00A6F1A1 /* prato-caloriaTests.xctest */;
			productType = "com.apple.product-type.bundle.unit-test";
		};
		ACDAC06F22CBB96C00A6F1A1 /* prato-caloriaUITests */ = {
			isa = PBXNativeTarget;
			buildConfigurationList = ACDAC07F22CBB96C00A6F1A1 /* Build configuration list for PBXNativeTarget "prato-caloriaUITests" */;
			buildPhases = (
				ACDAC06C22CBB96C00A6F1A1 /* Sources */,
				ACDAC06D22CBB96C00A6F1A1 /* Frameworks */,
				ACDAC06E22CBB96C00A6F1A1 /* Resources */,
			);
			buildRules = (
			);
			dependencies = (
				ACDAC07222CBB96C00A6F1A1 /* PBXTargetDependency */,
			);
			name = "prato-caloriaUITests";
			productName = "prato-caloriaUITests";
			productReference = ACDAC07022CBB96C00A6F1A1 /* prato-caloriaUITests.xctest */;
			productType = "com.apple.product-type.bundle.ui-testing";
		};
/* End PBXNativeTarget section */

/* Begin PBXProject section */
		ACDAC04922CBB96A00A6F1A1 /* Project object */ = {
			isa = PBXProject;
			attributes = {
				LastSwiftUpdateCheck = 1010;
				LastUpgradeCheck = 1010;
				ORGANIZATIONNAME = "Iury Vasconcelos";
				TargetAttributes = {
					ACDAC05022CBB96A00A6F1A1 = {
						CreatedOnToolsVersion = 10.1;
					};
					ACDAC06422CBB96C00A6F1A1 = {
						CreatedOnToolsVersion = 10.1;
						TestTargetID = ACDAC05022CBB96A00A6F1A1;
					};
					ACDAC06F22CBB96C00A6F1A1 = {
						CreatedOnToolsVersion = 10.1;
						TestTargetID = ACDAC05022CBB96A00A6F1A1;
					};
				};
			};
			buildConfigurationList = ACDAC04C22CBB96A00A6F1A1 /* Build configuration list for PBXProject "prato-caloria" */;
			compatibilityVersion = "Xcode 9.3";
			developmentRegion = en;
			hasScannedForEncodings = 0;
			knownRegions = (
				en,
				Base,
			);
			mainGroup = ACDAC04822CBB96A00A6F1A1;
			productRefGroup = ACDAC05222CBB96A00A6F1A1 /* Products */;
			projectDirPath = "";
			projectRoot = "";
			targets = (
				ACDAC05022CBB96A00A6F1A1 /* prato-caloria */,
				ACDAC06422CBB96C00A6F1A1 /* prato-caloriaTests */,
				ACDAC06F22CBB96C00A6F1A1 /* prato-caloriaUITests */,
			);
		};
/* End PBXProject section */

/* Begin PBXResourcesBuildPhase section */
		ACDAC04F22CBB96A00A6F1A1 /* Resources */ = {
			isa = PBXResourcesBuildPhase;
			buildActionMask = 2147483647;
			files = (
				AC758EC322CCD2190015FD3A /* Main.storyboard in Resources */,
				ACDAC05F22CBB96B00A6F1A1 /* LaunchScreen.storyboard in Resources */,
				8A6F277222D3A52800544423 /* NewItemViewController.xib in Resources */,
				ACDAC05C22CBB96B00A6F1A1 /* Assets.xcassets in Resources */,
			);
			runOnlyForDeploymentPostprocessing = 0;
		};
		ACDAC06322CBB96C00A6F1A1 /* Resources */ = {
			isa = PBXResourcesBuildPhase;
			buildActionMask = 2147483647;
			files = (
			);
			runOnlyForDeploymentPostprocessing = 0;
		};
		ACDAC06E22CBB96C00A6F1A1 /* Resources */ = {
			isa = PBXResourcesBuildPhase;
			buildActionMask = 2147483647;
			files = (
			);
			runOnlyForDeploymentPostprocessing = 0;
		};
/* End PBXResourcesBuildPhase section */

/* Begin PBXSourcesBuildPhase section */
		ACDAC04D22CBB96A00A6F1A1 /* Sources */ = {
			isa = PBXSourcesBuildPhase;
			buildActionMask = 2147483647;
			files = (
				8A6F27B722D6432300544423 /* RemoveMealController.swift in Sources */,
				8A6F277822D60E6500544423 /* Alert.swift in Sources */,
				8A6F28B022D770A900544423 /* Dao.swift in Sources */,
				AC758EC722CD11830015FD3A /* MealsTableViewController.swift in Sources */,
				AC758EBF22CCD0520015FD3A /* Item.swift in Sources */,
				AC758EBD22CCCFD90015FD3A /* Meal.swift in Sources */,
				AC758EC122CCD1730015FD3A /* ViewController.swift in Sources */,
				8A6F277622D4BF5D00544423 /* AddAnItemDelegate.swift in Sources */,
				ACDAC05522CBB96A00A6F1A1 /* AppDelegate.swift in Sources */,
				8A5D876522CE5D5D003A74C6 /* AddAMealDelegate.swift in Sources */,
				8A6F277422D3A57000544423 /* NewItemViewController.swift in Sources */,
			);
			runOnlyForDeploymentPostprocessing = 0;
		};
		ACDAC06122CBB96C00A6F1A1 /* Sources */ = {
			isa = PBXSourcesBuildPhase;
			buildActionMask = 2147483647;
			files = (
				ACDAC06A22CBB96C00A6F1A1 /* prato_caloriaTests.swift in Sources */,
			);
			runOnlyForDeploymentPostprocessing = 0;
		};
		ACDAC06C22CBB96C00A6F1A1 /* Sources */ = {
			isa = PBXSourcesBuildPhase;
			buildActionMask = 2147483647;
			files = (
				ACDAC07522CBB96C00A6F1A1 /* prato_caloriaUITests.swift in Sources */,
			);
			runOnlyForDeploymentPostprocessing = 0;
		};
/* End PBXSourcesBuildPhase section */

/* Begin PBXTargetDependency section */
		ACDAC06722CBB96C00A6F1A1 /* PBXTargetDependency */ = {
			isa = PBXTargetDependency;
			target = ACDAC05022CBB96A00A6F1A1 /* prato-caloria */;
			targetProxy = ACDAC06622CBB96C00A6F1A1 /* PBXContainerItemProxy */;
		};
		ACDAC07222CBB96C00A6F1A1 /* PBXTargetDependency */ = {
			isa = PBXTargetDependency;
			target = ACDAC05022CBB96A00A6F1A1 /* prato-caloria */;
			targetProxy = ACDAC07122CBB96C00A6F1A1 /* PBXContainerItemProxy */;
		};
/* End PBXTargetDependency section */

/* Begin PBXVariantGroup section */
		ACDAC05D22CBB96B00A6F1A1 /* LaunchScreen.storyboard */ = {
			isa = PBXVariantGroup;
			children = (
				ACDAC05E22CBB96B00A6F1A1 /* Base */,
			);
			name = LaunchScreen.storyboard;
			sourceTree = "<group>";
		};
/* End PBXVariantGroup section */

/* Begin XCBuildConfiguration section */
		ACDAC07722CBB96C00A6F1A1 /* Debug */ = {
			isa = XCBuildConfiguration;
			buildSettings = {
				ALWAYS_SEARCH_USER_PATHS = NO;
				CLANG_ANALYZER_NONNULL = YES;
				CLANG_ANALYZER_NUMBER_OBJECT_CONVERSION = YES_AGGRESSIVE;
				CLANG_CXX_LANGUAGE_STANDARD = "gnu++14";
				CLANG_CXX_LIBRARY = "libc++";
				CLANG_ENABLE_MODULES = YES;
				CLANG_ENABLE_OBJC_ARC = YES;
				CLANG_ENABLE_OBJC_WEAK = YES;
				CLANG_WARN_BLOCK_CAPTURE_AUTORELEASING = YES;
				CLANG_WARN_BOOL_CONVERSION = YES;
				CLANG_WARN_COMMA = YES;
				CLANG_WARN_CONSTANT_CONVERSION = YES;
				CLANG_WARN_DEPRECATED_OBJC_IMPLEMENTATIONS = YES;
				CLANG_WARN_DIRECT_OBJC_ISA_USAGE = YES_ERROR;
				CLANG_WARN_DOCUMENTATION_COMMENTS = YES;
				CLANG_WARN_EMPTY_BODY = YES;
				CLANG_WARN_ENUM_CONVERSION = YES;
				CLANG_WARN_INFINITE_RECURSION = YES;
				CLANG_WARN_INT_CONVERSION = YES;
				CLANG_WARN_NON_LITERAL_NULL_CONVERSION = YES;
				CLANG_WARN_OBJC_IMPLICIT_RETAIN_SELF = YES;
				CLANG_WARN_OBJC_LITERAL_CONVERSION = YES;
				CLANG_WARN_OBJC_ROOT_CLASS = YES_ERROR;
				CLANG_WARN_RANGE_LOOP_ANALYSIS = YES;
				CLANG_WARN_STRICT_PROTOTYPES = YES;
				CLANG_WARN_SUSPICIOUS_MOVE = YES;
				CLANG_WARN_UNGUARDED_AVAILABILITY = YES_AGGRESSIVE;
				CLANG_WARN_UNREACHABLE_CODE = YES;
				CLANG_WARN__DUPLICATE_METHOD_MATCH = YES;
				CODE_SIGN_IDENTITY = "iPhone Developer";
				COPY_PHASE_STRIP = NO;
				DEBUG_INFORMATION_FORMAT = dwarf;
				ENABLE_STRICT_OBJC_MSGSEND = YES;
				ENABLE_TESTABILITY = YES;
				GCC_C_LANGUAGE_STANDARD = gnu11;
				GCC_DYNAMIC_NO_PIC = NO;
				GCC_NO_COMMON_BLOCKS = YES;
				GCC_OPTIMIZATION_LEVEL = 0;
				GCC_PREPROCESSOR_DEFINITIONS = (
					"DEBUG=1",
					"$(inherited)",
				);
				GCC_WARN_64_TO_32_BIT_CONVERSION = YES;
				GCC_WARN_ABOUT_RETURN_TYPE = YES_ERROR;
				GCC_WARN_UNDECLARED_SELECTOR = YES;
				GCC_WARN_UNINITIALIZED_AUTOS = YES_AGGRESSIVE;
				GCC_WARN_UNUSED_FUNCTION = YES;
				GCC_WARN_UNUSED_VARIABLE = YES;
				IPHONEOS_DEPLOYMENT_TARGET = 12.1;
				MTL_ENABLE_DEBUG_INFO = INCLUDE_SOURCE;
				MTL_FAST_MATH = YES;
				ONLY_ACTIVE_ARCH = YES;
				SDKROOT = iphoneos;
				SWIFT_ACTIVE_COMPILATION_CONDITIONS = DEBUG;
				SWIFT_OPTIMIZATION_LEVEL = "-Onone";
			};
			name = Debug;
		};
		ACDAC07822CBB96C00A6F1A1 /* Release */ = {
			isa = XCBuildConfiguration;
			buildSettings = {
				ALWAYS_SEARCH_USER_PATHS = NO;
				CLANG_ANALYZER_NONNULL = YES;
				CLANG_ANALYZER_NUMBER_OBJECT_CONVERSION = YES_AGGRESSIVE;
				CLANG_CXX_LANGUAGE_STANDARD = "gnu++14";
				CLANG_CXX_LIBRARY = "libc++";
				CLANG_ENABLE_MODULES = YES;
				CLANG_ENABLE_OBJC_ARC = YES;
				CLANG_ENABLE_OBJC_WEAK = YES;
				CLANG_WARN_BLOCK_CAPTURE_AUTORELEASING = YES;
				CLANG_WARN_BOOL_CONVERSION = YES;
				CLANG_WARN_COMMA = YES;
				CLANG_WARN_CONSTANT_CONVERSION = YES;
				CLANG_WARN_DEPRECATED_OBJC_IMPLEMENTATIONS = YES;
				CLANG_WARN_DIRECT_OBJC_ISA_USAGE = YES_ERROR;
				CLANG_WARN_DOCUMENTATION_COMMENTS = YES;
				CLANG_WARN_EMPTY_BODY = YES;
				CLANG_WARN_ENUM_CONVERSION = YES;
				CLANG_WARN_INFINITE_RECURSION = YES;
				CLANG_WARN_INT_CONVERSION = YES;
				CLANG_WARN_NON_LITERAL_NULL_CONVERSION = YES;
				CLANG_WARN_OBJC_IMPLICIT_RETAIN_SELF = YES;
				CLANG_WARN_OBJC_LITERAL_CONVERSION = YES;
				CLANG_WARN_OBJC_ROOT_CLASS = YES_ERROR;
				CLANG_WARN_RANGE_LOOP_ANALYSIS = YES;
				CLANG_WARN_STRICT_PROTOTYPES = YES;
				CLANG_WARN_SUSPICIOUS_MOVE = YES;
				CLANG_WARN_UNGUARDED_AVAILABILITY = YES_AGGRESSIVE;
				CLANG_WARN_UNREACHABLE_CODE = YES;
				CLANG_WARN__DUPLICATE_METHOD_MATCH = YES;
				CODE_SIGN_IDENTITY = "iPhone Developer";
				COPY_PHASE_STRIP = NO;
				DEBUG_INFORMATION_FORMAT = "dwarf-with-dsym";
				ENABLE_NS_ASSERTIONS = NO;
				ENABLE_STRICT_OBJC_MSGSEND = YES;
				GCC_C_LANGUAGE_STANDARD = gnu11;
				GCC_NO_COMMON_BLOCKS = YES;
				GCC_WARN_64_TO_32_BIT_CONVERSION = YES;
				GCC_WARN_ABOUT_RETURN_TYPE = YES_ERROR;
				GCC_WARN_UNDECLARED_SELECTOR = YES;
				GCC_WARN_UNINITIALIZED_AUTOS = YES_AGGRESSIVE;
				GCC_WARN_UNUSED_FUNCTION = YES;
				GCC_WARN_UNUSED_VARIABLE = YES;
				IPHONEOS_DEPLOYMENT_TARGET = 12.1;
				MTL_ENABLE_DEBUG_INFO = NO;
				MTL_FAST_MATH = YES;
				SDKROOT = iphoneos;
				SWIFT_COMPILATION_MODE = wholemodule;
				SWIFT_OPTIMIZATION_LEVEL = "-O";
				VALIDATE_PRODUCT = YES;
			};
			name = Release;
		};
		ACDAC07A22CBB96C00A6F1A1 /* Debug */ = {
			isa = XCBuildConfiguration;
			buildSettings = {
				ASSETCATALOG_COMPILER_APPICON_NAME = AppIcon;
				CODE_SIGN_STYLE = Automatic;
				INFOPLIST_FILE = "prato-caloria/Info.plist";
				LD_RUNPATH_SEARCH_PATHS = (
					"$(inherited)",
					"@executable_path/Frameworks",
				);
				PRODUCT_BUNDLE_IDENTIFIER = "br.com.iury.prato-caloria";
				PRODUCT_NAME = "$(TARGET_NAME)";
				SWIFT_VERSION = 4.2;
				TARGETED_DEVICE_FAMILY = "1,2";
			};
			name = Debug;
		};
		ACDAC07B22CBB96C00A6F1A1 /* Release */ = {
			isa = XCBuildConfiguration;
			buildSettings = {
				ASSETCATALOG_COMPILER_APPICON_NAME = AppIcon;
				CODE_SIGN_STYLE = Automatic;
				INFOPLIST_FILE = "prato-caloria/Info.plist";
				LD_RUNPATH_SEARCH_PATHS = (
					"$(inherited)",
					"@executable_path/Frameworks",
				);
				PRODUCT_BUNDLE_IDENTIFIER = "br.com.iury.prato-caloria";
				PRODUCT_NAME = "$(TARGET_NAME)";
				SWIFT_VERSION = 4.2;
				TARGETED_DEVICE_FAMILY = "1,2";
			};
			name = Release;
		};
		ACDAC07D22CBB96C00A6F1A1 /* Debug */ = {
			isa = XCBuildConfiguration;
			buildSettings = {
				ALWAYS_EMBED_SWIFT_STANDARD_LIBRARIES = YES;
				BUNDLE_LOADER = "$(TEST_HOST)";
				CODE_SIGN_STYLE = Automatic;
				INFOPLIST_FILE = "prato-caloriaTests/Info.plist";
				LD_RUNPATH_SEARCH_PATHS = (
					"$(inherited)",
					"@executable_path/Frameworks",
					"@loader_path/Frameworks",
				);
				PRODUCT_BUNDLE_IDENTIFIER = "br.com.iury.prato-caloriaTests";
				PRODUCT_NAME = "$(TARGET_NAME)";
				SWIFT_VERSION = 4.2;
				TARGETED_DEVICE_FAMILY = "1,2";
				TEST_HOST = "$(BUILT_PRODUCTS_DIR)/prato-caloria.app/prato-caloria";
			};
			name = Debug;
		};
		ACDAC07E22CBB96C00A6F1A1 /* Release */ = {
			isa = XCBuildConfiguration;
			buildSettings = {
				ALWAYS_EMBED_SWIFT_STANDARD_LIBRARIES = YES;
				BUNDLE_LOADER = "$(TEST_HOST)";
				CODE_SIGN_STYLE = Automatic;
				INFOPLIST_FILE = "prato-caloriaTests/Info.plist";
				LD_RUNPATH_SEARCH_PATHS = (
					"$(inherited)",
					"@executable_path/Frameworks",
					"@loader_path/Frameworks",
				);
				PRODUCT_BUNDLE_IDENTIFIER = "br.com.iury.prato-caloriaTests";
				PRODUCT_NAME = "$(TARGET_NAME)";
				SWIFT_VERSION = 4.2;
				TARGETED_DEVICE_FAMILY = "1,2";
				TEST_HOST = "$(BUILT_PRODUCTS_DIR)/prato-caloria.app/prato-caloria";
			};
			name = Release;
		};
		ACDAC08022CBB96C00A6F1A1 /* Debug */ = {
			isa = XCBuildConfiguration;
			buildSettings = {
				ALWAYS_EMBED_SWIFT_STANDARD_LIBRARIES = YES;
				CODE_SIGN_STYLE = Automatic;
				INFOPLIST_FILE = "prato-caloriaUITests/Info.plist";
				LD_RUNPATH_SEARCH_PATHS = (
					"$(inherited)",
					"@executable_path/Frameworks",
					"@loader_path/Frameworks",
				);
				PRODUCT_BUNDLE_IDENTIFIER = "br.com.iury.prato-caloriaUITests";
				PRODUCT_NAME = "$(TARGET_NAME)";
				SWIFT_VERSION = 4.2;
				TARGETED_DEVICE_FAMILY = "1,2";
				TEST_TARGET_NAME = "prato-caloria";
			};
			name = Debug;
		};
		ACDAC08122CBB96C00A6F1A1 /* Release */ = {
			isa = XCBuildConfiguration;
			buildSettings = {
				ALWAYS_EMBED_SWIFT_STANDARD_LIBRARIES = YES;
				CODE_SIGN_STYLE = Automatic;
				INFOPLIST_FILE = "prato-caloriaUITests/Info.plist";
				LD_RUNPATH_SEARCH_PATHS = (
					"$(inherited)",
					"@executable_path/Frameworks",
					"@loader_path/Frameworks",
				);
				PRODUCT_BUNDLE_IDENTIFIER = "br.com.iury.prato-caloriaUITests";
				PRODUCT_NAME = "$(TARGET_NAME)";
				SWIFT_VERSION = 4.2;
				TARGETED_DEVICE_FAMILY = "1,2";
				TEST_TARGET_NAME = "prato-caloria";
			};
			name = Release;
		};
/* End XCBuildConfiguration section */

/* Begin XCConfigurationList section */
		ACDAC04C22CBB96A00A6F1A1 /* Build configuration list for PBXProject "prato-caloria" */ = {
			isa = XCConfigurationList;
			buildConfigurations = (
				ACDAC07722CBB96C00A6F1A1 /* Debug */,
				ACDAC07822CBB96C00A6F1A1 /* Release */,
			);
			defaultConfigurationIsVisible = 0;
			defaultConfigurationName = Release;
		};
		ACDAC07922CBB96C00A6F1A1 /* Build configuration list for PBXNativeTarget "prato-caloria" */ = {
			isa = XCConfigurationList;
			buildConfigurations = (
				ACDAC07A22CBB96C00A6F1A1 /* Debug */,
				ACDAC07B22CBB96C00A6F1A1 /* Release */,
			);
			defaultConfigurationIsVisible = 0;
			defaultConfigurationName = Release;
		};
		ACDAC07C22CBB96C00A6F1A1 /* Build configuration list for PBXNativeTarget "prato-caloriaTests" */ = {
			isa = XCConfigurationList;
			buildConfigurations = (
				ACDAC07D22CBB96C00A6F1A1 /* Debug */,
				ACDAC07E22CBB96C00A6F1A1 /* Release */,
			);
			defaultConfigurationIsVisible = 0;
			defaultConfigurationName = Release;
		};
		ACDAC07F22CBB96C00A6F1A1 /* Build configuration list for PBXNativeTarget "prato-caloriaUITests" */ = {
			isa = XCConfigurationList;
			buildConfigurations = (
				ACDAC08022CBB96C00A6F1A1 /* Debug */,
				ACDAC08122CBB96C00A6F1A1 /* Release */,
			);
			defaultConfigurationIsVisible = 0;
			defaultConfigurationName = Release;
		};
/* End XCConfigurationList section */
	};
	rootObject = ACDAC04922CBB96A00A6F1A1 /* Project object */;
}
